
Microsoft Visual Studio Solution File, Format Version 12.00
# Visual Studio Version 16
VisualStudioVersion = 16.0.30413.136
MinimumVisualStudioVersion = 10.0.40219.1
Project("{FAE04EC0-301F-11D3-BF4B-00C04F79EFBC}") = "JSON_Pokemon_", "JSON_Pokemon_.csproj", "{A8808A61-4E6A-4621-B8BC-EE3CABA14F3C}"
EndProject
Global
	GlobalSection(SolutionConfigurationPlatforms) = preSolution
		Debug|Any CPU = Debug|Any CPU
		Release|Any CPU = Release|Any CPU
	EndGlobalSection
	GlobalSection(ProjectConfigurationPlatforms) = postSolution
		{A8808A61-4E6A-4621-B8BC-EE3CABA14F3C}.Debug|Any CPU.ActiveCfg = Debug|Any CPU
		{A8808A61-4E6A-4621-B8BC-EE3CABA14F3C}.Debug|Any CPU.Build.0 = Debug|Any CPU
		{A8808A61-4E6A-4621-B8BC-EE3CABA14F3C}.Release|Any CPU.ActiveCfg = Release|Any CPU
		{A8808A61-4E6A-4621-B8BC-EE3CABA14F3C}.Release|Any CPU.Build.0 = Release|Any CPU
	EndGlobalSection
	GlobalSection(SolutionProperties) = preSolution
		HideSolutionNode = FALSE
	EndGlobalSection
	GlobalSection(ExtensibilityGlobals) = postSolution
		SolutionGuid = {C847F461-90BA-49F8-8186-A575D821A207}
	EndGlobalSection
EndGlobal
